// !$*UTF8*$!
{
	archiveVersion = 1;
	classes = {
	};
	objectVersion = 50;
	objects = {

/* Begin PBXBuildFile section */
		4269698C24EE595400C10A3C /* icaoToNameAHAS.csv in Resources */ = {isa = PBXBuildFile; fileRef = 4269698B24EE595400C10A3C /* icaoToNameAHAS.csv */; };
		42D582BC246617CC006E392B /* AppDelegate.swift in Sources */ = {isa = PBXBuildFile; fileRef = 42D582BB246617CC006E392B /* AppDelegate.swift */; };
		42D582BE246617CC006E392B /* SceneDelegate.swift in Sources */ = {isa = PBXBuildFile; fileRef = 42D582BD246617CC006E392B /* SceneDelegate.swift */; };
		42D582C1246617CC006E392B /* Flight_Check.xcdatamodeld in Sources */ = {isa = PBXBuildFile; fileRef = 42D582BF246617CC006E392B /* Flight_Check.xcdatamodeld */; };
		42D582C3246617CC006E392B /* ContentView.swift in Sources */ = {isa = PBXBuildFile; fileRef = 42D582C2246617CC006E392B /* ContentView.swift */; };
		42D582C5246617CD006E392B /* Assets.xcassets in Resources */ = {isa = PBXBuildFile; fileRef = 42D582C4246617CD006E392B /* Assets.xcassets */; };
		42D582C8246617CD006E392B /* Preview Assets.xcassets in Resources */ = {isa = PBXBuildFile; fileRef = 42D582C7246617CD006E392B /* Preview Assets.xcassets */; };
		42D582CB246617CD006E392B /* LaunchScreen.storyboard in Resources */ = {isa = PBXBuildFile; fileRef = 42D582C9246617CD006E392B /* LaunchScreen.storyboard */; };
		42D582D6246617CD006E392B /* Flight_CheckTests.swift in Sources */ = {isa = PBXBuildFile; fileRef = 42D582D5246617CD006E392B /* Flight_CheckTests.swift */; };
		42D582E1246617CD006E392B /* Flight_CheckUITests.swift in Sources */ = {isa = PBXBuildFile; fileRef = 42D582E0246617CD006E392B /* Flight_CheckUITests.swift */; };
		42D582EF2466187A006E392B /* Airport+Extensions.swift in Sources */ = {isa = PBXBuildFile; fileRef = 42D582EE2466187A006E392B /* Airport+Extensions.swift */; };
/* End PBXBuildFile section */

/* Begin PBXContainerItemProxy section */
		42D582D2246617CD006E392B /* PBXContainerItemProxy */ = {
			isa = PBXContainerItemProxy;
			containerPortal = 42D582B0246617CC006E392B /* Project object */;
			proxyType = 1;
			remoteGlobalIDString = 42D582B7246617CC006E392B;
			remoteInfo = "Flight Check";
		};
		42D582DD246617CD006E392B /* PBXContainerItemProxy */ = {
			isa = PBXContainerItemProxy;
			containerPortal = 42D582B0246617CC006E392B /* Project object */;
			proxyType = 1;
			remoteGlobalIDString = 42D582B7246617CC006E392B;
			remoteInfo = "Flight Check";
		};
/* End PBXContainerItemProxy section */

/* Begin PBXFileReference section */
		4269698B24EE595400C10A3C /* icaoToNameAHAS.csv */ = {isa = PBXFileReference; lastKnownFileType = file; path = icaoToNameAHAS.csv; sourceTree = SOURCE_ROOT; };
		42CDEF1A24A1706D008010DD /* Flight Check.entitlements */ = {isa = PBXFileReference; lastKnownFileType = text.plist.entitlements; path = "Flight Check.entitlements"; sourceTree = "<group>"; };
		42D582B8246617CC006E392B /* Flight Check.app */ = {isa = PBXFileReference; explicitFileType = wrapper.application; includeInIndex = 0; path = "Flight Check.app"; sourceTree = BUILT_PRODUCTS_DIR; };
		42D582BB246617CC006E392B /* AppDelegate.swift */ = {isa = PBXFileReference; lastKnownFileType = sourcecode.swift; path = AppDelegate.swift; sourceTree = "<group>"; };
		42D582BD246617CC006E392B /* SceneDelegate.swift */ = {isa = PBXFileReference; lastKnownFileType = sourcecode.swift; path = SceneDelegate.swift; sourceTree = "<group>"; };
		42D582C0246617CC006E392B /* Flight_Check.xcdatamodel */ = {isa = PBXFileReference; lastKnownFileType = wrapper.xcdatamodel; path = Flight_Check.xcdatamodel; sourceTree = "<group>"; };
		42D582C2246617CC006E392B /* ContentView.swift */ = {isa = PBXFileReference; lastKnownFileType = sourcecode.swift; path = ContentView.swift; sourceTree = "<group>"; usesTabs = 0; };
		42D582C4246617CD006E392B /* Assets.xcassets */ = {isa = PBXFileReference; lastKnownFileType = folder.assetcatalog; path = Assets.xcassets; sourceTree = "<group>"; };
		42D582C7246617CD006E392B /* Preview Assets.xcassets */ = {isa = PBXFileReference; lastKnownFileType = folder.assetcatalog; path = "Preview Assets.xcassets"; sourceTree = "<group>"; };
		42D582CA246617CD006E392B /* Base */ = {isa = PBXFileReference; lastKnownFileType = file.storyboard; name = Base; path = Base.lproj/LaunchScreen.storyboard; sourceTree = "<group>"; };
		42D582CC246617CD006E392B /* Info.plist */ = {isa = PBXFileReference; lastKnownFileType = text.plist.xml; path = Info.plist; sourceTree = "<group>"; };
		42D582D1246617CD006E392B /* Flight CheckTests.xctest */ = {isa = PBXFileReference; explicitFileType = wrapper.cfbundle; includeInIndex = 0; path = "Flight CheckTests.xctest"; sourceTree = BUILT_PRODUCTS_DIR; };
		42D582D5246617CD006E392B /* Flight_CheckTests.swift */ = {isa = PBXFileReference; lastKnownFileType = sourcecode.swift; path = Flight_CheckTests.swift; sourceTree = "<group>"; };
		42D582D7246617CD006E392B /* Info.plist */ = {isa = PBXFileReference; lastKnownFileType = text.plist.xml; path = Info.plist; sourceTree = "<group>"; };
		42D582DC246617CD006E392B /* Flight CheckUITests.xctest */ = {isa = PBXFileReference; explicitFileType = wrapper.cfbundle; includeInIndex = 0; path = "Flight CheckUITests.xctest"; sourceTree = BUILT_PRODUCTS_DIR; };
		42D582E0246617CD006E392B /* Flight_CheckUITests.swift */ = {isa = PBXFileReference; lastKnownFileType = sourcecode.swift; path = Flight_CheckUITests.swift; sourceTree = "<group>"; };
		42D582E2246617CD006E392B /* Info.plist */ = {isa = PBXFileReference; lastKnownFileType = text.plist.xml; path = Info.plist; sourceTree = "<group>"; };
		42D582EE2466187A006E392B /* Airport+Extensions.swift */ = {isa = PBXFileReference; lastKnownFileType = sourcecode.swift; path = "Airport+Extensions.swift"; sourceTree = "<group>"; };
/* End PBXFileReference section */

/* Begin PBXFrameworksBuildPhase section */
		42D582B5246617CC006E392B /* Frameworks */ = {
			isa = PBXFrameworksBuildPhase;
			buildActionMask = 2147483647;
			files = (
			);
			runOnlyForDeploymentPostprocessing = 0;
		};
		42D582CE246617CD006E392B /* Frameworks */ = {
			isa = PBXFrameworksBuildPhase;
			buildActionMask = 2147483647;
			files = (
			);
			runOnlyForDeploymentPostprocessing = 0;
		};
		42D582D9246617CD006E392B /* Frameworks */ = {
			isa = PBXFrameworksBuildPhase;
			buildActionMask = 2147483647;
			files = (
			);
			runOnlyForDeploymentPostprocessing = 0;
		};
/* End PBXFrameworksBuildPhase section */

/* Begin PBXGroup section */
		42D582AF246617CC006E392B = {
			isa = PBXGroup;
			children = (
				42D582BA246617CC006E392B /* Flight Check */,
				42D582D4246617CD006E392B /* Flight CheckTests */,
				42D582DF246617CD006E392B /* Flight CheckUITests */,
				42D582B9246617CC006E392B /* Products */,
			);
			sourceTree = "<group>";
		};
		42D582B9246617CC006E392B /* Products */ = {
			isa = PBXGroup;
			children = (
				42D582B8246617CC006E392B /* Flight Check.app */,
				42D582D1246617CD006E392B /* Flight CheckTests.xctest */,
				42D582DC246617CD006E392B /* Flight CheckUITests.xctest */,
			);
			name = Products;
			sourceTree = "<group>";
		};
		42D582BA246617CC006E392B /* Flight Check */ = {
			isa = PBXGroup;
			children = (
				42CDEF1A24A1706D008010DD /* Flight Check.entitlements */,
				42D582BB246617CC006E392B /* AppDelegate.swift */,
				42D582BD246617CC006E392B /* SceneDelegate.swift */,
				42D582C2246617CC006E392B /* ContentView.swift */,
				42D582C4246617CD006E392B /* Assets.xcassets */,
				42D582C9246617CD006E392B /* LaunchScreen.storyboard */,
				42D582CC246617CD006E392B /* Info.plist */,
				4269698B24EE595400C10A3C /* icaoToNameAHAS.csv */,
				42D582BF246617CC006E392B /* Flight_Check.xcdatamodeld */,
				42D582EE2466187A006E392B /* Airport+Extensions.swift */,
				42D582C6246617CD006E392B /* Preview Content */,
			);
			path = "Flight Check";
			sourceTree = "<group>";
		};
		42D582C6246617CD006E392B /* Preview Content */ = {
			isa = PBXGroup;
			children = (
				42D582C7246617CD006E392B /* Preview Assets.xcassets */,
			);
			path = "Preview Content";
			sourceTree = "<group>";
		};
		42D582D4246617CD006E392B /* Flight CheckTests */ = {
			isa = PBXGroup;
			children = (
				42D582D5246617CD006E392B /* Flight_CheckTests.swift */,
				42D582D7246617CD006E392B /* Info.plist */,
			);
			path = "Flight CheckTests";
			sourceTree = "<group>";
		};
		42D582DF246617CD006E392B /* Flight CheckUITests */ = {
			isa = PBXGroup;
			children = (
				42D582E0246617CD006E392B /* Flight_CheckUITests.swift */,
				42D582E2246617CD006E392B /* Info.plist */,
			);
			path = "Flight CheckUITests";
			sourceTree = "<group>";
		};
/* End PBXGroup section */

/* Begin PBXNativeTarget section */
		42D582B7246617CC006E392B /* Flight Check */ = {
			isa = PBXNativeTarget;
			buildConfigurationList = 42D582E5246617CD006E392B /* Build configuration list for PBXNativeTarget "Flight Check" */;
			buildPhases = (
				42D582B4246617CC006E392B /* Sources */,
				42D582B5246617CC006E392B /* Frameworks */,
				42D582B6246617CC006E392B /* Resources */,
			);
			buildRules = (
			);
			dependencies = (
			);
			name = "Flight Check";
			productName = "Flight Check";
			productReference = 42D582B8246617CC006E392B /* Flight Check.app */;
			productType = "com.apple.product-type.application";
		};
		42D582D0246617CD006E392B /* Flight CheckTests */ = {
			isa = PBXNativeTarget;
			buildConfigurationList = 42D582E8246617CD006E392B /* Build configuration list for PBXNativeTarget "Flight CheckTests" */;
			buildPhases = (
				42D582CD246617CD006E392B /* Sources */,
				42D582CE246617CD006E392B /* Frameworks */,
				42D582CF246617CD006E392B /* Resources */,
			);
			buildRules = (
			);
			dependencies = (
				42D582D3246617CD006E392B /* PBXTargetDependency */,
			);
			name = "Flight CheckTests";
			productName = "Flight CheckTests";
			productReference = 42D582D1246617CD006E392B /* Flight CheckTests.xctest */;
			productType = "com.apple.product-type.bundle.unit-test";
		};
		42D582DB246617CD006E392B /* Flight CheckUITests */ = {
			isa = PBXNativeTarget;
			buildConfigurationList = 42D582EB246617CD006E392B /* Build configuration list for PBXNativeTarget "Flight CheckUITests" */;
			buildPhases = (
				42D582D8246617CD006E392B /* Sources */,
				42D582D9246617CD006E392B /* Frameworks */,
				42D582DA246617CD006E392B /* Resources */,
			);
			buildRules = (
			);
			dependencies = (
				42D582DE246617CD006E392B /* PBXTargetDependency */,
			);
			name = "Flight CheckUITests";
			productName = "Flight CheckUITests";
			productReference = 42D582DC246617CD006E392B /* Flight CheckUITests.xctest */;
			productType = "com.apple.product-type.bundle.ui-testing";
		};
/* End PBXNativeTarget section */

/* Begin PBXProject section */
		42D582B0246617CC006E392B /* Project object */ = {
			isa = PBXProject;
			attributes = {
				LastSwiftUpdateCheck = 1140;
				LastUpgradeCheck = 1200;
				ORGANIZATIONNAME = "Jaryd Meek";
				TargetAttributes = {
					42D582B7246617CC006E392B = {
						CreatedOnToolsVersion = 11.4.1;
					};
					42D582D0246617CD006E392B = {
						CreatedOnToolsVersion = 11.4.1;
						TestTargetID = 42D582B7246617CC006E392B;
					};
					42D582DB246617CD006E392B = {
						CreatedOnToolsVersion = 11.4.1;
						TestTargetID = 42D582B7246617CC006E392B;
					};
				};
			};
			buildConfigurationList = 42D582B3246617CC006E392B /* Build configuration list for PBXProject "Flight Check" */;
			compatibilityVersion = "Xcode 9.3";
			developmentRegion = en;
			hasScannedForEncodings = 0;
			knownRegions = (
				en,
				Base,
			);
			mainGroup = 42D582AF246617CC006E392B;
			productRefGroup = 42D582B9246617CC006E392B /* Products */;
			projectDirPath = "";
			projectRoot = "";
			targets = (
				42D582B7246617CC006E392B /* Flight Check */,
				42D582D0246617CD006E392B /* Flight CheckTests */,
				42D582DB246617CD006E392B /* Flight CheckUITests */,
			);
		};
/* End PBXProject section */

/* Begin PBXResourcesBuildPhase section */
		42D582B6246617CC006E392B /* Resources */ = {
			isa = PBXResourcesBuildPhase;
			buildActionMask = 2147483647;
			files = (
				42D582CB246617CD006E392B /* LaunchScreen.storyboard in Resources */,
				4269698C24EE595400C10A3C /* icaoToNameAHAS.csv in Resources */,
				42D582C8246617CD006E392B /* Preview Assets.xcassets in Resources */,
				42D582C5246617CD006E392B /* Assets.xcassets in Resources */,
			);
			runOnlyForDeploymentPostprocessing = 0;
		};
		42D582CF246617CD006E392B /* Resources */ = {
			isa = PBXResourcesBuildPhase;
			buildActionMask = 2147483647;
			files = (
			);
			runOnlyForDeploymentPostprocessing = 0;
		};
		42D582DA246617CD006E392B /* Resources */ = {
			isa = PBXResourcesBuildPhase;
			buildActionMask = 2147483647;
			files = (
			);
			runOnlyForDeploymentPostprocessing = 0;
		};
/* End PBXResourcesBuildPhase section */

/* Begin PBXSourcesBuildPhase section */
		42D582B4246617CC006E392B /* Sources */ = {
			isa = PBXSourcesBuildPhase;
			buildActionMask = 2147483647;
			files = (
				42D582BC246617CC006E392B /* AppDelegate.swift in Sources */,
				42D582BE246617CC006E392B /* SceneDelegate.swift in Sources */,
				42D582EF2466187A006E392B /* Airport+Extensions.swift in Sources */,
				42D582C3246617CC006E392B /* ContentView.swift in Sources */,
				42D582C1246617CC006E392B /* Flight_Check.xcdatamodeld in Sources */,
			);
			runOnlyForDeploymentPostprocessing = 0;
		};
		42D582CD246617CD006E392B /* Sources */ = {
			isa = PBXSourcesBuildPhase;
			buildActionMask = 2147483647;
			files = (
				42D582D6246617CD006E392B /* Flight_CheckTests.swift in Sources */,
			);
			runOnlyForDeploymentPostprocessing = 0;
		};
		42D582D8246617CD006E392B /* Sources */ = {
			isa = PBXSourcesBuildPhase;
			buildActionMask = 2147483647;
			files = (
				42D582E1246617CD006E392B /* Flight_CheckUITests.swift in Sources */,
			);
			runOnlyForDeploymentPostprocessing = 0;
		};
/* End PBXSourcesBuildPhase section */

/* Begin PBXTargetDependency section */
		42D582D3246617CD006E392B /* PBXTargetDependency */ = {
			isa = PBXTargetDependency;
			target = 42D582B7246617CC006E392B /* Flight Check */;
			targetProxy = 42D582D2246617CD006E392B /* PBXContainerItemProxy */;
		};
		42D582DE246617CD006E392B /* PBXTargetDependency */ = {
			isa = PBXTargetDependency;
			target = 42D582B7246617CC006E392B /* Flight Check */;
			targetProxy = 42D582DD246617CD006E392B /* PBXContainerItemProxy */;
		};
/* End PBXTargetDependency section */

/* Begin PBXVariantGroup section */
		42D582C9246617CD006E392B /* LaunchScreen.storyboard */ = {
			isa = PBXVariantGroup;
			children = (
				42D582CA246617CD006E392B /* Base */,
			);
			name = LaunchScreen.storyboard;
			sourceTree = "<group>";
		};
/* End PBXVariantGroup section */

/* Begin XCBuildConfiguration section */
		42D582E3246617CD006E392B /* Debug */ = {
			isa = XCBuildConfiguration;
			buildSettings = {
				ALWAYS_SEARCH_USER_PATHS = NO;
				CLANG_ANALYZER_NONNULL = YES;
				CLANG_ANALYZER_NUMBER_OBJECT_CONVERSION = YES_AGGRESSIVE;
				CLANG_CXX_LANGUAGE_STANDARD = "gnu++14";
				CLANG_CXX_LIBRARY = "libc++";
				CLANG_ENABLE_MODULES = YES;
				CLANG_ENABLE_OBJC_ARC = YES;
				CLANG_ENABLE_OBJC_WEAK = YES;
				CLANG_WARN_BLOCK_CAPTURE_AUTORELEASING = YES;
				CLANG_WARN_BOOL_CONVERSION = YES;
				CLANG_WARN_COMMA = YES;
				CLANG_WARN_CONSTANT_CONVERSION = YES;
				CLANG_WARN_DEPRECATED_OBJC_IMPLEMENTATIONS = YES;
				CLANG_WARN_DIRECT_OBJC_ISA_USAGE = YES_ERROR;
				CLANG_WARN_DOCUMENTATION_COMMENTS = YES;
				CLANG_WARN_EMPTY_BODY = YES;
				CLANG_WARN_ENUM_CONVERSION = YES;
				CLANG_WARN_INFINITE_RECURSION = YES;
				CLANG_WARN_INT_CONVERSION = YES;
				CLANG_WARN_NON_LITERAL_NULL_CONVERSION = YES;
				CLANG_WARN_OBJC_IMPLICIT_RETAIN_SELF = YES;
				CLANG_WARN_OBJC_LITERAL_CONVERSION = YES;
				CLANG_WARN_OBJC_ROOT_CLASS = YES_ERROR;
				CLANG_WARN_QUOTED_INCLUDE_IN_FRAMEWORK_HEADER = YES;
				CLANG_WARN_RANGE_LOOP_ANALYSIS = YES;
				CLANG_WARN_STRICT_PROTOTYPES = YES;
				CLANG_WARN_SUSPICIOUS_MOVE = YES;
				CLANG_WARN_UNGUARDED_AVAILABILITY = YES_AGGRESSIVE;
				CLANG_WARN_UNREACHABLE_CODE = YES;
				CLANG_WARN__DUPLICATE_METHOD_MATCH = YES;
				COPY_PHASE_STRIP = NO;
				DEBUG_INFORMATION_FORMAT = dwarf;
				ENABLE_STRICT_OBJC_MSGSEND = YES;
				ENABLE_TESTABILITY = YES;
				GCC_C_LANGUAGE_STANDARD = gnu11;
				GCC_DYNAMIC_NO_PIC = NO;
				GCC_NO_COMMON_BLOCKS = YES;
				GCC_OPTIMIZATION_LEVEL = 0;
				GCC_PREPROCESSOR_DEFINITIONS = (
					"DEBUG=1",
					"$(inherited)",
				);
				GCC_WARN_64_TO_32_BIT_CONVERSION = YES;
				GCC_WARN_ABOUT_RETURN_TYPE = YES_ERROR;
				GCC_WARN_UNDECLARED_SELECTOR = YES;
				GCC_WARN_UNINITIALIZED_AUTOS = YES_AGGRESSIVE;
				GCC_WARN_UNUSED_FUNCTION = YES;
				GCC_WARN_UNUSED_VARIABLE = YES;
				IPHONEOS_DEPLOYMENT_TARGET = 13.4;
				MTL_ENABLE_DEBUG_INFO = INCLUDE_SOURCE;
				MTL_FAST_MATH = YES;
				ONLY_ACTIVE_ARCH = YES;
				SDKROOT = iphoneos;
				SWIFT_ACTIVE_COMPILATION_CONDITIONS = DEBUG;
				SWIFT_OPTIMIZATION_LEVEL = "-Onone";
			};
			name = Debug;
		};
		42D582E4246617CD006E392B /* Release */ = {
			isa = XCBuildConfiguration;
			buildSettings = {
				ALWAYS_SEARCH_USER_PATHS = NO;
				CLANG_ANALYZER_NONNULL = YES;
				CLANG_ANALYZER_NUMBER_OBJECT_CONVERSION = YES_AGGRESSIVE;
				CLANG_CXX_LANGUAGE_STANDARD = "gnu++14";
				CLANG_CXX_LIBRARY = "libc++";
				CLANG_ENABLE_MODULES = YES;
				CLANG_ENABLE_OBJC_ARC = YES;
				CLANG_ENABLE_OBJC_WEAK = YES;
				CLANG_WARN_BLOCK_CAPTURE_AUTORELEASING = YES;
				CLANG_WARN_BOOL_CONVERSION = YES;
				CLANG_WARN_COMMA = YES;
				CLANG_WARN_CONSTANT_CONVERSION = YES;
				CLANG_WARN_DEPRECATED_OBJC_IMPLEMENTATIONS = YES;
				CLANG_WARN_DIRECT_OBJC_ISA_USAGE = YES_ERROR;
				CLANG_WARN_DOCUMENTATION_COMMENTS = YES;
				CLANG_WARN_EMPTY_BODY = YES;
				CLANG_WARN_ENUM_CONVERSION = YES;
				CLANG_WARN_INFINITE_RECURSION = YES;
				CLANG_WARN_INT_CONVERSION = YES;
				CLANG_WARN_NON_LITERAL_NULL_CONVERSION = YES;
				CLANG_WARN_OBJC_IMPLICIT_RETAIN_SELF = YES;
				CLANG_WARN_OBJC_LITERAL_CONVERSION = YES;
				CLANG_WARN_OBJC_ROOT_CLASS = YES_ERROR;
				CLANG_WARN_QUOTED_INCLUDE_IN_FRAMEWORK_HEADER = YES;
				CLANG_WARN_RANGE_LOOP_ANALYSIS = YES;
				CLANG_WARN_STRICT_PROTOTYPES = YES;
				CLANG_WARN_SUSPICIOUS_MOVE = YES;
				CLANG_WARN_UNGUARDED_AVAILABILITY = YES_AGGRESSIVE;
				CLANG_WARN_UNREACHABLE_CODE = YES;
				CLANG_WARN__DUPLICATE_METHOD_MATCH = YES;
				COPY_PHASE_STRIP = NO;
				DEBUG_INFORMATION_FORMAT = "dwarf-with-dsym";
				ENABLE_NS_ASSERTIONS = NO;
				ENABLE_STRICT_OBJC_MSGSEND = YES;
				GCC_C_LANGUAGE_STANDARD = gnu11;
				GCC_NO_COMMON_BLOCKS = YES;
				GCC_WARN_64_TO_32_BIT_CONVERSION = YES;
				GCC_WARN_ABOUT_RETURN_TYPE = YES_ERROR;
				GCC_WARN_UNDECLARED_SELECTOR = YES;
				GCC_WARN_UNINITIALIZED_AUTOS = YES_AGGRESSIVE;
				GCC_WARN_UNUSED_FUNCTION = YES;
				GCC_WARN_UNUSED_VARIABLE = YES;
				IPHONEOS_DEPLOYMENT_TARGET = 13.4;
				MTL_ENABLE_DEBUG_INFO = NO;
				MTL_FAST_MATH = YES;
				SDKROOT = iphoneos;
				SWIFT_COMPILATION_MODE = wholemodule;
				SWIFT_OPTIMIZATION_LEVEL = "-O";
				VALIDATE_PRODUCT = YES;
			};
			name = Release;
		};
		42D582E6246617CD006E392B /* Debug */ = {
			isa = XCBuildConfiguration;
			buildSettings = {
				ASSETCATALOG_COMPILER_APPICON_NAME = AppIcon;
				CODE_SIGN_ENTITLEMENTS = "Flight Check/Flight Check.entitlements";
				CODE_SIGN_STYLE = Automatic;
				DEVELOPMENT_ASSET_PATHS = "\"Flight Check/Preview Content\"";
				DEVELOPMENT_TEAM = 2X8S526W34;
				ENABLE_PREVIEWS = YES;
				INFOPLIST_FILE = "Flight Check/Info.plist";
				IPHONEOS_DEPLOYMENT_TARGET = 14.0;
				LD_RUNPATH_SEARCH_PATHS = (
					"$(inherited)",
					"@executable_path/Frameworks",
				);
				MARKETING_VERSION = 0.5;
				PRODUCT_BUNDLE_IDENTIFIER = "jaryd.Flight-Check";
				PRODUCT_NAME = "$(TARGET_NAME)";
				SUPPORTS_MACCATALYST = NO;
				SWIFT_VERSION = 5.0;
				TARGETED_DEVICE_FAMILY = "1,2";
			};
			name = Debug;
		};
		42D582E7246617CD006E392B /* Release */ = {
			isa = XCBuildConfiguration;
			buildSettings = {
				ASSETCATALOG_COMPILER_APPICON_NAME = AppIcon;
				CODE_SIGN_ENTITLEMENTS = "Flight Check/Flight Check.entitlements";
				CODE_SIGN_STYLE = Automatic;
				DEVELOPMENT_ASSET_PATHS = "\"Flight Check/Preview Content\"";
				DEVELOPMENT_TEAM = 2X8S526W34;
				ENABLE_PREVIEWS = YES;
				INFOPLIST_FILE = "Flight Check/Info.plist";
				IPHONEOS_DEPLOYMENT_TARGET = 14.0;
				LD_RUNPATH_SEARCH_PATHS = (
					"$(inherited)",
					"@executable_path/Frameworks",
				);
				MARKETING_VERSION = 0.5;
				PRODUCT_BUNDLE_IDENTIFIER = "jaryd.Flight-Check";
				PRODUCT_NAME = "$(TARGET_NAME)";
				SUPPORTS_MACCATALYST = NO;
				SWIFT_VERSION = 5.0;
				TARGETED_DEVICE_FAMILY = "1,2";
			};
			name = Release;
		};
		42D582E9246617CD006E392B /* Debug */ = {
			isa = XCBuildConfiguration;
			buildSettings = {
				ALWAYS_EMBED_SWIFT_STANDARD_LIBRARIES = YES;
				BUNDLE_LOADER = "$(TEST_HOST)";
				CODE_SIGN_STYLE = Automatic;
				DEVELOPMENT_TEAM = 2X8S526W34;
				INFOPLIST_FILE = "Flight CheckTests/Info.plist";
				IPHONEOS_DEPLOYMENT_TARGET = 13.4;
				LD_RUNPATH_SEARCH_PATHS = (
					"$(inherited)",
					"@executable_path/Frameworks",
					"@loader_path/Frameworks",
				);
				PRODUCT_BUNDLE_IDENTIFIER = "jaryd.Flight-CheckTests";
				PRODUCT_NAME = "$(TARGET_NAME)";
				SWIFT_VERSION = 5.0;
				TARGETED_DEVICE_FAMILY = "1,2";
				TEST_HOST = "$(BUILT_PRODUCTS_DIR)/Flight Check.app/Flight Check";
			};
			name = Debug;
		};
		42D582EA246617CD006E392B /* Release */ = {
			isa = XCBuildConfiguration;
			buildSettings = {
				ALWAYS_EMBED_SWIFT_STANDARD_LIBRARIES = YES;
				BUNDLE_LOADER = "$(TEST_HOST)";
				CODE_SIGN_STYLE = Automatic;
				DEVELOPMENT_TEAM = 2X8S526W34;
				INFOPLIST_FILE = "Flight CheckTests/Info.plist";
				IPHONEOS_DEPLOYMENT_TARGET = 13.4;
				LD_RUNPATH_SEARCH_PATHS = (
					"$(inherited)",
					"@executable_path/Frameworks",
					"@loader_path/Frameworks",
				);
				PRODUCT_BUNDLE_IDENTIFIER = "jaryd.Flight-CheckTests";
				PRODUCT_NAME = "$(TARGET_NAME)";
				SWIFT_VERSION = 5.0;
				TARGETED_DEVICE_FAMILY = "1,2";
				TEST_HOST = "$(BUILT_PRODUCTS_DIR)/Flight Check.app/Flight Check";
			};
			name = Release;
		};
		42D582EC246617CD006E392B /* Debug */ = {
			isa = XCBuildConfiguration;
			buildSettings = {
				ALWAYS_EMBED_SWIFT_STANDARD_LIBRARIES = YES;
				CODE_SIGN_STYLE = Automatic;
				DEVELOPMENT_TEAM = 2X8S526W34;
				INFOPLIST_FILE = "Flight CheckUITests/Info.plist";
				LD_RUNPATH_SEARCH_PATHS = (
					"$(inherited)",
					"@executable_path/Frameworks",
					"@loader_path/Frameworks",
				);
				PRODUCT_BUNDLE_IDENTIFIER = "jaryd.Flight-CheckUITests";
				PRODUCT_NAME = "$(TARGET_NAME)";
				SWIFT_VERSION = 5.0;
				TARGETED_DEVICE_FAMILY = "1,2";
				TEST_TARGET_NAME = "Flight Check";
			};
			name = Debug;
		};
		42D582ED246617CD006E392B /* Release */ = {
			isa = XCBuildConfiguration;
			buildSettings = {
				ALWAYS_EMBED_SWIFT_STANDARD_LIBRARIES = YES;
				CODE_SIGN_STYLE = Automatic;
				DEVELOPMENT_TEAM = 2X8S526W34;
				INFOPLIST_FILE = "Flight CheckUITests/Info.plist";
				LD_RUNPATH_SEARCH_PATHS = (
					"$(inherited)",
					"@executable_path/Frameworks",
					"@loader_path/Frameworks",
				);
				PRODUCT_BUNDLE_IDENTIFIER = "jaryd.Flight-CheckUITests";
				PRODUCT_NAME = "$(TARGET_NAME)";
				SWIFT_VERSION = 5.0;
				TARGETED_DEVICE_FAMILY = "1,2";
				TEST_TARGET_NAME = "Flight Check";
			};
			name = Release;
		};
/* End XCBuildConfiguration section */

/* Begin XCConfigurationList section */
		42D582B3246617CC006E392B /* Build configuration list for PBXProject "Flight Check" */ = {
			isa = XCConfigurationList;
			buildConfigurations = (
				42D582E3246617CD006E392B /* Debug */,
				42D582E4246617CD006E392B /* Release */,
			);
			defaultConfigurationIsVisible = 0;
			defaultConfigurationName = Release;
		};
		42D582E5246617CD006E392B /* Build configuration list for PBXNativeTarget "Flight Check" */ = {
			isa = XCConfigurationList;
			buildConfigurations = (
				42D582E6246617CD006E392B /* Debug */,
				42D582E7246617CD006E392B /* Release */,
			);
			defaultConfigurationIsVisible = 0;
			defaultConfigurationName = Release;
		};
		42D582E8246617CD006E392B /* Build configuration list for PBXNativeTarget "Flight CheckTests" */ = {
			isa = XCConfigurationList;
			buildConfigurations = (
				42D582E9246617CD006E392B /* Debug */,
				42D582EA246617CD006E392B /* Release */,
			);
			defaultConfigurationIsVisible = 0;
			defaultConfigurationName = Release;
		};
		42D582EB246617CD006E392B /* Build configuration list for PBXNativeTarget "Flight CheckUITests" */ = {
			isa = XCConfigurationList;
			buildConfigurations = (
				42D582EC246617CD006E392B /* Debug */,
				42D582ED246617CD006E392B /* Release */,
			);
			defaultConfigurationIsVisible = 0;
			defaultConfigurationName = Release;
		};
/* End XCConfigurationList section */

/* Begin XCVersionGroup section */
		42D582BF246617CC006E392B /* Flight_Check.xcdatamodeld */ = {
			isa = XCVersionGroup;
			children = (
				42D582C0246617CC006E392B /* Flight_Check.xcdatamodel */,
			);
			currentVersion = 42D582C0246617CC006E392B /* Flight_Check.xcdatamodel */;
			path = Flight_Check.xcdatamodeld;
			sourceTree = "<group>";
			versionGroupType = wrapper.xcdatamodel;
		};
/* End XCVersionGroup section */
	};
	rootObject = 42D582B0246617CC006E392B /* Project object */;
}
